
Microsoft Visual Studio Solution File, Format Version 12.00
# Visual Studio Version 16
VisualStudioVersion = 16.0.29009.5
MinimumVisualStudioVersion = 10.0.40219.1
Project("{2150E333-8FDC-42A3-9474-1A3956D46DE8}") = "src", "src", "{AFAA0841-BD93-466F-B8F4-FB4EEC86F1FC}"
EndProject
Project("{2150E333-8FDC-42A3-9474-1A3956D46DE8}") = "test", "test", "{F10AA149-2626-486E-85BB-9CD5365F3016}"
EndProject
Project("{9A19103F-16F7-4668-BE54-9A1E7A4F7556}") = "JT.Web", "src\JT.Web\JT.Web.csproj", "{A2213374-BB48-48FD-BBD4-81E6A961D866}"
EndProject
Project("{9A19103F-16F7-4668-BE54-9A1E7A4F7556}") = "JT.Core", "src\JT.Core\JT.Core.csproj", "{0FA75A5B-AB83-4FD0-B545-279774C01E87}"
EndProject
Project("{9A19103F-16F7-4668-BE54-9A1E7A4F7556}") = "JT.Application", "src\JT.Application\JT.Application.csproj", "{3870C648-4AEA-4B85-BA3F-F2F63B96136A}"
EndProject
Project("{9A19103F-16F7-4668-BE54-9A1E7A4F7556}") = "JT.EntityFrameworkCore", "src\JT.EntityFrameworkCore\JT.EntityFrameworkCore.csproj", "{DC780BC4-4EAC-4C63-9052-6F3169A59FA4}"
EndProject
Project("{9A19103F-16F7-4668-BE54-9A1E7A4F7556}") = "JT.Tests", "test\JT.Tests\JT.Tests.csproj", "{0D4C5D00-C144-4213-A007-4B8944113AB1}"
EndProject
Project("{9A19103F-16F7-4668-BE54-9A1E7A4F7556}") = "JT.Web.Tests", "test\JT.Web.Tests\JT.Web.Tests.csproj", "{5D441612-29CA-4DAD-9945-B9DE11CE026C}"
EndProject
Project("{2150E333-8FDC-42A3-9474-1A3956D46DE8}") = "abp", "abp", "{8576A0FC-520C-4A34-9570-5607922F67AB}"
EndProject
Project("{9A19103F-16F7-4668-BE54-9A1E7A4F7556}") = "Abp", "Abp\Abp\Abp.csproj", "{54A90DFE-AC41-4E77-BEC0-63F8A2A2A114}"
EndProject
Project("{9A19103F-16F7-4668-BE54-9A1E7A4F7556}") = "Abp.ZeroCore.IdentityServer4.vNext.EntityFrameworkCore", "Abp\Abp.ZeroCore.IdentityServer4.vNext.EntityFrameworkCore\Abp.ZeroCore.IdentityServer4.vNext.EntityFrameworkCore.csproj", "{BACF1675-CDAD-4629-A50C-7F4B05805403}"
EndProject
Project("{9A19103F-16F7-4668-BE54-9A1E7A4F7556}") = "Abp.ZeroCore.IdentityServer4.vNext", "Abp\Abp.ZeroCore.IdentityServer4.vNext\Abp.ZeroCore.IdentityServer4.vNext.csproj", "{168BEB83-A843-445C-9501-5AA8F90D6A38}"
EndProject
Project("{9A19103F-16F7-4668-BE54-9A1E7A4F7556}") = "Abp.ZeroCore.IdentityServer4.EntityFrameworkCore", "Abp\Abp.ZeroCore.IdentityServer4.EntityFrameworkCore\Abp.ZeroCore.IdentityServer4.EntityFrameworkCore.csproj", "{E4743AF3-C89C-41ED-A14F-996AC44EC135}"
EndProject
Project("{9A19103F-16F7-4668-BE54-9A1E7A4F7556}") = "Abp.ZeroCore.IdentityServer4", "Abp\Abp.ZeroCore.IdentityServer4\Abp.ZeroCore.IdentityServer4.csproj", "{D3D2B50B-954D-4EA1-ABE5-D264CCC77FBC}"
EndProject
Project("{9A19103F-16F7-4668-BE54-9A1E7A4F7556}") = "Abp.ZeroCore.EntityFrameworkCore", "Abp\Abp.ZeroCore.EntityFrameworkCore\Abp.ZeroCore.EntityFrameworkCore.csproj", "{43957DF5-E5E8-4777-89E6-7D0FD69C65C8}"
EndProject
Project("{9A19103F-16F7-4668-BE54-9A1E7A4F7556}") = "Abp.ZeroCore", "Abp\Abp.ZeroCore\Abp.ZeroCore.csproj", "{FCF2F735-927C-4826-A6BA-F183D8575BC3}"
EndProject
Project("{9A19103F-16F7-4668-BE54-9A1E7A4F7556}") = "Abp.Zero.Owin", "Abp\Abp.Zero.Owin\Abp.Zero.Owin.csproj", "{BACABD18-F3E2-480D-9966-A6BFFB37FBC6}"
EndProject
Project("{9A19103F-16F7-4668-BE54-9A1E7A4F7556}") = "Abp.Zero.Ldap", "Abp\Abp.Zero.Ldap\Abp.Zero.Ldap.csproj", "{086791C1-7A35-474E-9AF3-C5DF99E8B583}"
EndProject
Project("{9A19103F-16F7-4668-BE54-9A1E7A4F7556}") = "Abp.Zero.Common", "Abp\Abp.Zero.Common\Abp.Zero.Common.csproj", "{6FFB618B-AB6B-43AF-917A-987A70E7CDE7}"
EndProject
Project("{9A19103F-16F7-4668-BE54-9A1E7A4F7556}") = "Abp.Zero", "Abp\Abp.Zero\Abp.Zero.csproj", "{4581511D-9FFC-45A4-9AE5-3A3103464933}"
EndProject
Project("{9A19103F-16F7-4668-BE54-9A1E7A4F7556}") = "Abp.Web.SignalR", "Abp\Abp.Web.SignalR\Abp.Web.SignalR.csproj", "{209247BA-F540-4FAB-A3B0-5F6A69CC37B1}"
EndProject
Project("{9A19103F-16F7-4668-BE54-9A1E7A4F7556}") = "Abp.Web.Resources", "Abp\Abp.Web.Resources\Abp.Web.Resources.csproj", "{65510EF5-C84B-47E3-AD3F-F6B2BD4D26F2}"
EndProject
Project("{9A19103F-16F7-4668-BE54-9A1E7A4F7556}") = "Abp.Web.Mvc", "Abp\Abp.Web.Mvc\Abp.Web.Mvc.csproj", "{3F2D1057-9993-44DE-8DA1-625FD1881E86}"
EndProject
Project("{9A19103F-16F7-4668-BE54-9A1E7A4F7556}") = "Abp.Web.Common", "Abp\Abp.Web.Common\Abp.Web.Common.csproj", "{2F1C104C-6B70-473E-A749-382F2FEF5CF6}"
EndProject
Project("{9A19103F-16F7-4668-BE54-9A1E7A4F7556}") = "Abp.Web.Api.OData", "Abp\Abp.Web.Api.OData\Abp.Web.Api.OData.csproj", "{407EB4CB-8E9A-452E-9D16-6151F7911ABD}"
EndProject
Project("{9A19103F-16F7-4668-BE54-9A1E7A4F7556}") = "Abp.Web.Api", "Abp\Abp.Web.Api\Abp.Web.Api.csproj", "{25FB063E-7465-4A68-A260-615105A83EF5}"
EndProject
Project("{9A19103F-16F7-4668-BE54-9A1E7A4F7556}") = "Abp.Web", "Abp\Abp.Web\Abp.Web.csproj", "{0A53A609-3314-4B3E-B9B6-F4DFA89AC05E}"
EndProject
Project("{9A19103F-16F7-4668-BE54-9A1E7A4F7556}") = "Abp.TestBase", "Abp\Abp.TestBase\Abp.TestBase.csproj", "{8A1DFE44-7C3D-4F4C-BDB5-2A55C895EEFB}"
EndProject
Project("{9A19103F-16F7-4668-BE54-9A1E7A4F7556}") = "Abp.RedisCache.ProtoBuf", "Abp\Abp.RedisCache.ProtoBuf\Abp.RedisCache.ProtoBuf.csproj", "{1494CA43-5C7C-47A9-9699-48741DC80711}"
EndProject
Project("{9A19103F-16F7-4668-BE54-9A1E7A4F7556}") = "Abp.RedisCache", "Abp\Abp.RedisCache\Abp.RedisCache.csproj", "{F75DFB73-9F42-4305-ABA3-9C9496172026}"
EndProject
Project("{9A19103F-16F7-4668-BE54-9A1E7A4F7556}") = "Abp.Quartz", "Abp\Abp.Quartz\Abp.Quartz.csproj", "{0DCB441A-3E81-4A69-B77E-34CE9815C199}"
EndProject
Project("{9A19103F-16F7-4668-BE54-9A1E7A4F7556}") = "Abp.Owin", "Abp\Abp.Owin\Abp.Owin.csproj", "{B5727133-6BEC-4B7B-AF12-44F584EEF913}"
EndProject
Project("{9A19103F-16F7-4668-BE54-9A1E7A4F7556}") = "Abp.MongoDB", "Abp\Abp.MongoDB\Abp.MongoDB.csproj", "{1AED74C7-F6D4-4FCA-9D77-9A46A4F0EC0C}"
EndProject
Project("{9A19103F-16F7-4668-BE54-9A1E7A4F7556}") = "Abp.MemoryDb", "Abp\Abp.MemoryDb\Abp.MemoryDb.csproj", "{3AE9D733-6663-4818-9541-F907F8292AFD}"
EndProject
Project("{9A19103F-16F7-4668-BE54-9A1E7A4F7556}") = "Abp.MailKit", "Abp\Abp.MailKit\Abp.MailKit.csproj", "{3342599A-6BA3-40CA-8C4F-A665EFD3CB74}"
EndProject
Project("{9A19103F-16F7-4668-BE54-9A1E7A4F7556}") = "Abp.HangFire.AspNetCore", "Abp\Abp.HangFire.AspNetCore\Abp.HangFire.AspNetCore.csproj", "{29DCEEEC-4280-417D-9B4E-112B4F0E5BBE}"
EndProject
Project("{9A19103F-16F7-4668-BE54-9A1E7A4F7556}") = "Abp.HangFire", "Abp\Abp.HangFire\Abp.HangFire.csproj", "{2A41646A-7888-441F-85DC-FE36E8369EEB}"
EndProject
Project("{9A19103F-16F7-4668-BE54-9A1E7A4F7556}") = "Abp.FluentValidation", "Abp\Abp.FluentValidation\Abp.FluentValidation.csproj", "{93E7CD77-9E4A-4163-BDB1-2D032F1ED81C}"
EndProject
Project("{9A19103F-16F7-4668-BE54-9A1E7A4F7556}") = "Abp.FluentMigrator", "Abp\Abp.FluentMigrator\Abp.FluentMigrator.csproj", "{C0DD15EC-4A25-4F16-BD86-480BA3C9F0B2}"
EndProject
Project("{9A19103F-16F7-4668-BE54-9A1E7A4F7556}") = "Abp.EntityFrameworkCore.EFPlus", "Abp\Abp.EntityFrameworkCore.EFPlus\Abp.EntityFrameworkCore.EFPlus.csproj", "{62D94FFB-A3F7-417F-B36A-FA0F1C80B1EE}"
EndProject
Project("{9A19103F-16F7-4668-BE54-9A1E7A4F7556}") = "Abp.EntityFrameworkCore", "Abp\Abp.EntityFrameworkCore\Abp.EntityFrameworkCore.csproj", "{E8FF990B-6FE9-4E82-88F9-6CB87BADD2BF}"
EndProject
Project("{9A19103F-16F7-4668-BE54-9A1E7A4F7556}") = "Abp.EntityFramework.Common", "Abp\Abp.EntityFramework.Common\Abp.EntityFramework.Common.csproj", "{E9AC7459-9784-4B97-BCE1-8C09752163EF}"
EndProject
Project("{9A19103F-16F7-4668-BE54-9A1E7A4F7556}") = "Abp.Dapper", "Abp\Abp.Dapper\Abp.Dapper.csproj", "{94292FC8-BCFF-45C1-B5EA-650BDCE8C384}"
EndProject
Project("{9A19103F-16F7-4668-BE54-9A1E7A4F7556}") = "Abp.Castle.Log4Net", "Abp\Abp.Castle.Log4Net\Abp.Castle.Log4Net.csproj", "{7C48A8C3-FA50-4EA8-9B36-41A01FBB58AE}"
EndProject
Project("{9A19103F-16F7-4668-BE54-9A1E7A4F7556}") = "Abp.AutoMapper", "Abp\Abp.AutoMapper\Abp.AutoMapper.csproj", "{B480F321-8DBF-4CAE-BADA-F7710FF1DB49}"
EndProject
Project("{9A19103F-16F7-4668-BE54-9A1E7A4F7556}") = "Abp.AspNetCore.TestBase", "Abp\Abp.AspNetCore.TestBase\Abp.AspNetCore.TestBase.csproj", "{7FE6921B-AEB1-487F-BEAF-B1896804054E}"
EndProject
Project("{9A19103F-16F7-4668-BE54-9A1E7A4F7556}") = "Abp.AspNetCore.SignalR", "Abp\Abp.AspNetCore.SignalR\Abp.AspNetCore.SignalR.csproj", "{BAD612B4-E135-411C-9AF2-E81D316D7D40}"
EndProject
Project("{9A19103F-16F7-4668-BE54-9A1E7A4F7556}") = "Abp.AspNetCore.OData", "Abp\Abp.AspNetCore.OData\Abp.AspNetCore.OData.csproj", "{0FC1E3D1-2C2D-4DCE-9B8D-38E4EB19B068}"
EndProject
Project("{9A19103F-16F7-4668-BE54-9A1E7A4F7556}") = "Abp.AspNetCore", "Abp\Abp.AspNetCore\Abp.AspNetCore.csproj", "{53E95B42-D842-4339-8CCE-7E6DC3D40BE0}"
EndProject
Project("{2150E333-8FDC-42A3-9474-1A3956D46DE8}") = "JT", "JT", "{E12C693D-F232-4F6D-AEB0-846886ED4978}"
EndProject
Project("{FAE04EC0-301F-11D3-BF4B-00C04F79EFBC}") = "JT.Web.Core", "src\JT.Web.Core\JT.Web.Core.csproj", "{EF0D9051-D37B-455E-A2FF-A8EE551A99CD}"
EndProject
Project("{FAE04EC0-301F-11D3-BF4B-00C04F79EFBC}") = "JT.AbpCore", "JT\JT.Abp.Core\JT.AbpCore.csproj", "{4D23D9AF-E478-4593-A2D2-426F0FD9EFD5}"
EndProject
Project("{FAE04EC0-301F-11D3-BF4B-00C04F79EFBC}") = "JT.Abp.Common", "JT\JT.Abp.Common\JT.Abp.Common.csproj", "{79145C24-9FCE-40B4-A42E-81F7FA8A3251}"
EndProject
Project("{FAE04EC0-301F-11D3-BF4B-00C04F79EFBC}") = "JT.AbpCore.EntityFrameworkCore", "JT\JT.AbpCore.EntityFrameworkCore\JT.AbpCore.EntityFrameworkCore.csproj", "{FD8E0F33-4919-4A79-BDBE-136C53A3F9A7}"
EndProject
Global
	GlobalSection(SolutionConfigurationPlatforms) = preSolution
		Debug|Any CPU = Debug|Any CPU
		Release|Any CPU = Release|Any CPU
	EndGlobalSection
	GlobalSection(ProjectConfigurationPlatforms) = postSolution
		{A2213374-BB48-48FD-BBD4-81E6A961D866}.Debug|Any CPU.ActiveCfg = Debug|Any CPU
		{A2213374-BB48-48FD-BBD4-81E6A961D866}.Debug|Any CPU.Build.0 = Debug|Any CPU
		{A2213374-BB48-48FD-BBD4-81E6A961D866}.Release|Any CPU.ActiveCfg = Release|Any CPU
		{A2213374-BB48-48FD-BBD4-81E6A961D866}.Release|Any CPU.Build.0 = Release|Any CPU
		{0FA75A5B-AB83-4FD0-B545-279774C01E87}.Debug|Any CPU.ActiveCfg = Debug|Any CPU
		{0FA75A5B-AB83-4FD0-B545-279774C01E87}.Debug|Any CPU.Build.0 = Debug|Any CPU
		{0FA75A5B-AB83-4FD0-B545-279774C01E87}.Release|Any CPU.ActiveCfg = Release|Any CPU
		{0FA75A5B-AB83-4FD0-B545-279774C01E87}.Release|Any CPU.Build.0 = Release|Any CPU
		{3870C648-4AEA-4B85-BA3F-F2F63B96136A}.Debug|Any CPU.ActiveCfg = Debug|Any CPU
		{3870C648-4AEA-4B85-BA3F-F2F63B96136A}.Debug|Any CPU.Build.0 = Debug|Any CPU
		{3870C648-4AEA-4B85-BA3F-F2F63B96136A}.Release|Any CPU.ActiveCfg = Release|Any CPU
		{3870C648-4AEA-4B85-BA3F-F2F63B96136A}.Release|Any CPU.Build.0 = Release|Any CPU
		{DC780BC4-4EAC-4C63-9052-6F3169A59FA4}.Debug|Any CPU.ActiveCfg = Debug|Any CPU
		{DC780BC4-4EAC-4C63-9052-6F3169A59FA4}.Debug|Any CPU.Build.0 = Debug|Any CPU
		{DC780BC4-4EAC-4C63-9052-6F3169A59FA4}.Release|Any CPU.ActiveCfg = Release|Any CPU
		{DC780BC4-4EAC-4C63-9052-6F3169A59FA4}.Release|Any CPU.Build.0 = Release|Any CPU
		{0D4C5D00-C144-4213-A007-4B8944113AB1}.Debug|Any CPU.ActiveCfg = Debug|Any CPU
		{0D4C5D00-C144-4213-A007-4B8944113AB1}.Debug|Any CPU.Build.0 = Debug|Any CPU
		{0D4C5D00-C144-4213-A007-4B8944113AB1}.Release|Any CPU.ActiveCfg = Release|Any CPU
		{0D4C5D00-C144-4213-A007-4B8944113AB1}.Release|Any CPU.Build.0 = Release|Any CPU
		{5D441612-29CA-4DAD-9945-B9DE11CE026C}.Debug|Any CPU.ActiveCfg = Debug|Any CPU
		{5D441612-29CA-4DAD-9945-B9DE11CE026C}.Debug|Any CPU.Build.0 = Debug|Any CPU
		{5D441612-29CA-4DAD-9945-B9DE11CE026C}.Release|Any CPU.ActiveCfg = Release|Any CPU
		{5D441612-29CA-4DAD-9945-B9DE11CE026C}.Release|Any CPU.Build.0 = Release|Any CPU
		{54A90DFE-AC41-4E77-BEC0-63F8A2A2A114}.Debug|Any CPU.ActiveCfg = Debug|Any CPU
		{54A90DFE-AC41-4E77-BEC0-63F8A2A2A114}.Debug|Any CPU.Build.0 = Debug|Any CPU
		{54A90DFE-AC41-4E77-BEC0-63F8A2A2A114}.Release|Any CPU.ActiveCfg = Release|Any CPU
		{54A90DFE-AC41-4E77-BEC0-63F8A2A2A114}.Release|Any CPU.Build.0 = Release|Any CPU
		{BACF1675-CDAD-4629-A50C-7F4B05805403}.Debug|Any CPU.ActiveCfg = Debug|Any CPU
		{BACF1675-CDAD-4629-A50C-7F4B05805403}.Debug|Any CPU.Build.0 = Debug|Any CPU
		{BACF1675-CDAD-4629-A50C-7F4B05805403}.Release|Any CPU.ActiveCfg = Release|Any CPU
		{BACF1675-CDAD-4629-A50C-7F4B05805403}.Release|Any CPU.Build.0 = Release|Any CPU
		{168BEB83-A843-445C-9501-5AA8F90D6A38}.Debug|Any CPU.ActiveCfg = Debug|Any CPU
		{168BEB83-A843-445C-9501-5AA8F90D6A38}.Debug|Any CPU.Build.0 = Debug|Any CPU
		{168BEB83-A843-445C-9501-5AA8F90D6A38}.Release|Any CPU.ActiveCfg = Release|Any CPU
		{168BEB83-A843-445C-9501-5AA8F90D6A38}.Release|Any CPU.Build.0 = Release|Any CPU
		{E4743AF3-C89C-41ED-A14F-996AC44EC135}.Debug|Any CPU.ActiveCfg = Debug|Any CPU
		{E4743AF3-C89C-41ED-A14F-996AC44EC135}.Debug|Any CPU.Build.0 = Debug|Any CPU
		{E4743AF3-C89C-41ED-A14F-996AC44EC135}.Release|Any CPU.ActiveCfg = Release|Any CPU
		{E4743AF3-C89C-41ED-A14F-996AC44EC135}.Release|Any CPU.Build.0 = Release|Any CPU
		{D3D2B50B-954D-4EA1-ABE5-D264CCC77FBC}.Debug|Any CPU.ActiveCfg = Debug|Any CPU
		{D3D2B50B-954D-4EA1-ABE5-D264CCC77FBC}.Debug|Any CPU.Build.0 = Debug|Any CPU
		{D3D2B50B-954D-4EA1-ABE5-D264CCC77FBC}.Release|Any CPU.ActiveCfg = Release|Any CPU
		{D3D2B50B-954D-4EA1-ABE5-D264CCC77FBC}.Release|Any CPU.Build.0 = Release|Any CPU
		{43957DF5-E5E8-4777-89E6-7D0FD69C65C8}.Debug|Any CPU.ActiveCfg = Debug|Any CPU
		{43957DF5-E5E8-4777-89E6-7D0FD69C65C8}.Debug|Any CPU.Build.0 = Debug|Any CPU
		{43957DF5-E5E8-4777-89E6-7D0FD69C65C8}.Release|Any CPU.ActiveCfg = Release|Any CPU
		{43957DF5-E5E8-4777-89E6-7D0FD69C65C8}.Release|Any CPU.Build.0 = Release|Any CPU
		{FCF2F735-927C-4826-A6BA-F183D8575BC3}.Debug|Any CPU.ActiveCfg = Debug|Any CPU
		{FCF2F735-927C-4826-A6BA-F183D8575BC3}.Debug|Any CPU.Build.0 = Debug|Any CPU
		{FCF2F735-927C-4826-A6BA-F183D8575BC3}.Release|Any CPU.ActiveCfg = Release|Any CPU
		{FCF2F735-927C-4826-A6BA-F183D8575BC3}.Release|Any CPU.Build.0 = Release|Any CPU
		{BACABD18-F3E2-480D-9966-A6BFFB37FBC6}.Debug|Any CPU.ActiveCfg = Debug|Any CPU
		{BACABD18-F3E2-480D-9966-A6BFFB37FBC6}.Debug|Any CPU.Build.0 = Debug|Any CPU
		{BACABD18-F3E2-480D-9966-A6BFFB37FBC6}.Release|Any CPU.ActiveCfg = Release|Any CPU
		{BACABD18-F3E2-480D-9966-A6BFFB37FBC6}.Release|Any CPU.Build.0 = Release|Any CPU
		{086791C1-7A35-474E-9AF3-C5DF99E8B583}.Debug|Any CPU.ActiveCfg = Debug|Any CPU
		{086791C1-7A35-474E-9AF3-C5DF99E8B583}.Debug|Any CPU.Build.0 = Debug|Any CPU
		{086791C1-7A35-474E-9AF3-C5DF99E8B583}.Release|Any CPU.ActiveCfg = Release|Any CPU
		{086791C1-7A35-474E-9AF3-C5DF99E8B583}.Release|Any CPU.Build.0 = Release|Any CPU
		{6FFB618B-AB6B-43AF-917A-987A70E7CDE7}.Debug|Any CPU.ActiveCfg = Debug|Any CPU
		{6FFB618B-AB6B-43AF-917A-987A70E7CDE7}.Debug|Any CPU.Build.0 = Debug|Any CPU
		{6FFB618B-AB6B-43AF-917A-987A70E7CDE7}.Release|Any CPU.ActiveCfg = Release|Any CPU
		{6FFB618B-AB6B-43AF-917A-987A70E7CDE7}.Release|Any CPU.Build.0 = Release|Any CPU
		{4581511D-9FFC-45A4-9AE5-3A3103464933}.Debug|Any CPU.ActiveCfg = Debug|Any CPU
		{4581511D-9FFC-45A4-9AE5-3A3103464933}.Debug|Any CPU.Build.0 = Debug|Any CPU
		{4581511D-9FFC-45A4-9AE5-3A3103464933}.Release|Any CPU.ActiveCfg = Release|Any CPU
		{4581511D-9FFC-45A4-9AE5-3A3103464933}.Release|Any CPU.Build.0 = Release|Any CPU
		{209247BA-F540-4FAB-A3B0-5F6A69CC37B1}.Debug|Any CPU.ActiveCfg = Debug|Any CPU
		{209247BA-F540-4FAB-A3B0-5F6A69CC37B1}.Debug|Any CPU.Build.0 = Debug|Any CPU
		{209247BA-F540-4FAB-A3B0-5F6A69CC37B1}.Release|Any CPU.ActiveCfg = Release|Any CPU
		{209247BA-F540-4FAB-A3B0-5F6A69CC37B1}.Release|Any CPU.Build.0 = Release|Any CPU
		{65510EF5-C84B-47E3-AD3F-F6B2BD4D26F2}.Debug|Any CPU.ActiveCfg = Debug|Any CPU
		{65510EF5-C84B-47E3-AD3F-F6B2BD4D26F2}.Debug|Any CPU.Build.0 = Debug|Any CPU
		{65510EF5-C84B-47E3-AD3F-F6B2BD4D26F2}.Release|Any CPU.ActiveCfg = Release|Any CPU
		{65510EF5-C84B-47E3-AD3F-F6B2BD4D26F2}.Release|Any CPU.Build.0 = Release|Any CPU
		{3F2D1057-9993-44DE-8DA1-625FD1881E86}.Debug|Any CPU.ActiveCfg = Debug|Any CPU
		{3F2D1057-9993-44DE-8DA1-625FD1881E86}.Debug|Any CPU.Build.0 = Debug|Any CPU
		{3F2D1057-9993-44DE-8DA1-625FD1881E86}.Release|Any CPU.ActiveCfg = Release|Any CPU
		{3F2D1057-9993-44DE-8DA1-625FD1881E86}.Release|Any CPU.Build.0 = Release|Any CPU
		{2F1C104C-6B70-473E-A749-382F2FEF5CF6}.Debug|Any CPU.ActiveCfg = Debug|Any CPU
		{2F1C104C-6B70-473E-A749-382F2FEF5CF6}.Debug|Any CPU.Build.0 = Debug|Any CPU
		{2F1C104C-6B70-473E-A749-382F2FEF5CF6}.Release|Any CPU.ActiveCfg = Release|Any CPU
		{2F1C104C-6B70-473E-A749-382F2FEF5CF6}.Release|Any CPU.Build.0 = Release|Any CPU
		{407EB4CB-8E9A-452E-9D16-6151F7911ABD}.Debug|Any CPU.ActiveCfg = Debug|Any CPU
		{407EB4CB-8E9A-452E-9D16-6151F7911ABD}.Debug|Any CPU.Build.0 = Debug|Any CPU
		{407EB4CB-8E9A-452E-9D16-6151F7911ABD}.Release|Any CPU.ActiveCfg = Release|Any CPU
		{407EB4CB-8E9A-452E-9D16-6151F7911ABD}.Release|Any CPU.Build.0 = Release|Any CPU
		{25FB063E-7465-4A68-A260-615105A83EF5}.Debug|Any CPU.ActiveCfg = Debug|Any CPU
		{25FB063E-7465-4A68-A260-615105A83EF5}.Debug|Any CPU.Build.0 = Debug|Any CPU
		{25FB063E-7465-4A68-A260-615105A83EF5}.Release|Any CPU.ActiveCfg = Release|Any CPU
		{25FB063E-7465-4A68-A260-615105A83EF5}.Release|Any CPU.Build.0 = Release|Any CPU
		{0A53A609-3314-4B3E-B9B6-F4DFA89AC05E}.Debug|Any CPU.ActiveCfg = Debug|Any CPU
		{0A53A609-3314-4B3E-B9B6-F4DFA89AC05E}.Debug|Any CPU.Build.0 = Debug|Any CPU
		{0A53A609-3314-4B3E-B9B6-F4DFA89AC05E}.Release|Any CPU.ActiveCfg = Release|Any CPU
		{0A53A609-3314-4B3E-B9B6-F4DFA89AC05E}.Release|Any CPU.Build.0 = Release|Any CPU
		{8A1DFE44-7C3D-4F4C-BDB5-2A55C895EEFB}.Debug|Any CPU.ActiveCfg = Debug|Any CPU
		{8A1DFE44-7C3D-4F4C-BDB5-2A55C895EEFB}.Debug|Any CPU.Build.0 = Debug|Any CPU
		{8A1DFE44-7C3D-4F4C-BDB5-2A55C895EEFB}.Release|Any CPU.ActiveCfg = Release|Any CPU
		{8A1DFE44-7C3D-4F4C-BDB5-2A55C895EEFB}.Release|Any CPU.Build.0 = Release|Any CPU
		{1494CA43-5C7C-47A9-9699-48741DC80711}.Debug|Any CPU.ActiveCfg = Debug|Any CPU
		{1494CA43-5C7C-47A9-9699-48741DC80711}.Debug|Any CPU.Build.0 = Debug|Any CPU
		{1494CA43-5C7C-47A9-9699-48741DC80711}.Release|Any CPU.ActiveCfg = Release|Any CPU
		{1494CA43-5C7C-47A9-9699-48741DC80711}.Release|Any CPU.Build.0 = Release|Any CPU
		{F75DFB73-9F42-4305-ABA3-9C9496172026}.Debug|Any CPU.ActiveCfg = Debug|Any CPU
		{F75DFB73-9F42-4305-ABA3-9C9496172026}.Debug|Any CPU.Build.0 = Debug|Any CPU
		{F75DFB73-9F42-4305-ABA3-9C9496172026}.Release|Any CPU.ActiveCfg = Release|Any CPU
		{F75DFB73-9F42-4305-ABA3-9C9496172026}.Release|Any CPU.Build.0 = Release|Any CPU
		{0DCB441A-3E81-4A69-B77E-34CE9815C199}.Debug|Any CPU.ActiveCfg = Debug|Any CPU
		{0DCB441A-3E81-4A69-B77E-34CE9815C199}.Debug|Any CPU.Build.0 = Debug|Any CPU
		{0DCB441A-3E81-4A69-B77E-34CE9815C199}.Release|Any CPU.ActiveCfg = Release|Any CPU
		{0DCB441A-3E81-4A69-B77E-34CE9815C199}.Release|Any CPU.Build.0 = Release|Any CPU
		{B5727133-6BEC-4B7B-AF12-44F584EEF913}.Debug|Any CPU.ActiveCfg = Debug|Any CPU
		{B5727133-6BEC-4B7B-AF12-44F584EEF913}.Debug|Any CPU.Build.0 = Debug|Any CPU
		{B5727133-6BEC-4B7B-AF12-44F584EEF913}.Release|Any CPU.ActiveCfg = Release|Any CPU
		{B5727133-6BEC-4B7B-AF12-44F584EEF913}.Release|Any CPU.Build.0 = Release|Any CPU
		{1AED74C7-F6D4-4FCA-9D77-9A46A4F0EC0C}.Debug|Any CPU.ActiveCfg = Debug|Any CPU
		{1AED74C7-F6D4-4FCA-9D77-9A46A4F0EC0C}.Debug|Any CPU.Build.0 = Debug|Any CPU
		{1AED74C7-F6D4-4FCA-9D77-9A46A4F0EC0C}.Release|Any CPU.ActiveCfg = Release|Any CPU
		{1AED74C7-F6D4-4FCA-9D77-9A46A4F0EC0C}.Release|Any CPU.Build.0 = Release|Any CPU
		{3AE9D733-6663-4818-9541-F907F8292AFD}.Debug|Any CPU.ActiveCfg = Debug|Any CPU
		{3AE9D733-6663-4818-9541-F907F8292AFD}.Debug|Any CPU.Build.0 = Debug|Any CPU
		{3AE9D733-6663-4818-9541-F907F8292AFD}.Release|Any CPU.ActiveCfg = Release|Any CPU
		{3AE9D733-6663-4818-9541-F907F8292AFD}.Release|Any CPU.Build.0 = Release|Any CPU
		{3342599A-6BA3-40CA-8C4F-A665EFD3CB74}.Debug|Any CPU.ActiveCfg = Debug|Any CPU
		{3342599A-6BA3-40CA-8C4F-A665EFD3CB74}.Debug|Any CPU.Build.0 = Debug|Any CPU
		{3342599A-6BA3-40CA-8C4F-A665EFD3CB74}.Release|Any CPU.ActiveCfg = Release|Any CPU
		{3342599A-6BA3-40CA-8C4F-A665EFD3CB74}.Release|Any CPU.Build.0 = Release|Any CPU
		{29DCEEEC-4280-417D-9B4E-112B4F0E5BBE}.Debug|Any CPU.ActiveCfg = Debug|Any CPU
		{29DCEEEC-4280-417D-9B4E-112B4F0E5BBE}.Debug|Any CPU.Build.0 = Debug|Any CPU
		{29DCEEEC-4280-417D-9B4E-112B4F0E5BBE}.Release|Any CPU.ActiveCfg = Release|Any CPU
		{29DCEEEC-4280-417D-9B4E-112B4F0E5BBE}.Release|Any CPU.Build.0 = Release|Any CPU
		{2A41646A-7888-441F-85DC-FE36E8369EEB}.Debug|Any CPU.ActiveCfg = Debug|Any CPU
		{2A41646A-7888-441F-85DC-FE36E8369EEB}.Debug|Any CPU.Build.0 = Debug|Any CPU
		{2A41646A-7888-441F-85DC-FE36E8369EEB}.Release|Any CPU.ActiveCfg = Release|Any CPU
		{2A41646A-7888-441F-85DC-FE36E8369EEB}.Release|Any CPU.Build.0 = Release|Any CPU
		{93E7CD77-9E4A-4163-BDB1-2D032F1ED81C}.Debug|Any CPU.ActiveCfg = Debug|Any CPU
		{93E7CD77-9E4A-4163-BDB1-2D032F1ED81C}.Debug|Any CPU.Build.0 = Debug|Any CPU
		{93E7CD77-9E4A-4163-BDB1-2D032F1ED81C}.Release|Any CPU.ActiveCfg = Release|Any CPU
		{93E7CD77-9E4A-4163-BDB1-2D032F1ED81C}.Release|Any CPU.Build.0 = Release|Any CPU
		{C0DD15EC-4A25-4F16-BD86-480BA3C9F0B2}.Debug|Any CPU.ActiveCfg = Debug|Any CPU
		{C0DD15EC-4A25-4F16-BD86-480BA3C9F0B2}.Debug|Any CPU.Build.0 = Debug|Any CPU
		{C0DD15EC-4A25-4F16-BD86-480BA3C9F0B2}.Release|Any CPU.ActiveCfg = Release|Any CPU
		{C0DD15EC-4A25-4F16-BD86-480BA3C9F0B2}.Release|Any CPU.Build.0 = Release|Any CPU
		{62D94FFB-A3F7-417F-B36A-FA0F1C80B1EE}.Debug|Any CPU.ActiveCfg = Debug|Any CPU
		{62D94FFB-A3F7-417F-B36A-FA0F1C80B1EE}.Debug|Any CPU.Build.0 = Debug|Any CPU
		{62D94FFB-A3F7-417F-B36A-FA0F1C80B1EE}.Release|Any CPU.ActiveCfg = Release|Any CPU
		{62D94FFB-A3F7-417F-B36A-FA0F1C80B1EE}.Release|Any CPU.Build.0 = Release|Any CPU
		{E8FF990B-6FE9-4E82-88F9-6CB87BADD2BF}.Debug|Any CPU.ActiveCfg = Debug|Any CPU
		{E8FF990B-6FE9-4E82-88F9-6CB87BADD2BF}.Debug|Any CPU.Build.0 = Debug|Any CPU
		{E8FF990B-6FE9-4E82-88F9-6CB87BADD2BF}.Release|Any CPU.ActiveCfg = Release|Any CPU
		{E8FF990B-6FE9-4E82-88F9-6CB87BADD2BF}.Release|Any CPU.Build.0 = Release|Any CPU
		{E9AC7459-9784-4B97-BCE1-8C09752163EF}.Debug|Any CPU.ActiveCfg = Debug|Any CPU
		{E9AC7459-9784-4B97-BCE1-8C09752163EF}.Debug|Any CPU.Build.0 = Debug|Any CPU
		{E9AC7459-9784-4B97-BCE1-8C09752163EF}.Release|Any CPU.ActiveCfg = Release|Any CPU
		{E9AC7459-9784-4B97-BCE1-8C09752163EF}.Release|Any CPU.Build.0 = Release|Any CPU
		{94292FC8-BCFF-45C1-B5EA-650BDCE8C384}.Debug|Any CPU.ActiveCfg = Debug|Any CPU
		{94292FC8-BCFF-45C1-B5EA-650BDCE8C384}.Debug|Any CPU.Build.0 = Debug|Any CPU
		{94292FC8-BCFF-45C1-B5EA-650BDCE8C384}.Release|Any CPU.ActiveCfg = Release|Any CPU
		{94292FC8-BCFF-45C1-B5EA-650BDCE8C384}.Release|Any CPU.Build.0 = Release|Any CPU
		{7C48A8C3-FA50-4EA8-9B36-41A01FBB58AE}.Debug|Any CPU.ActiveCfg = Debug|Any CPU
		{7C48A8C3-FA50-4EA8-9B36-41A01FBB58AE}.Debug|Any CPU.Build.0 = Debug|Any CPU
		{7C48A8C3-FA50-4EA8-9B36-41A01FBB58AE}.Release|Any CPU.ActiveCfg = Release|Any CPU
		{7C48A8C3-FA50-4EA8-9B36-41A01FBB58AE}.Release|Any CPU.Build.0 = Release|Any CPU
		{B480F321-8DBF-4CAE-BADA-F7710FF1DB49}.Debug|Any CPU.ActiveCfg = Debug|Any CPU
		{B480F321-8DBF-4CAE-BADA-F7710FF1DB49}.Debug|Any CPU.Build.0 = Debug|Any CPU
		{B480F321-8DBF-4CAE-BADA-F7710FF1DB49}.Release|Any CPU.ActiveCfg = Release|Any CPU
		{B480F321-8DBF-4CAE-BADA-F7710FF1DB49}.Release|Any CPU.Build.0 = Release|Any CPU
		{7FE6921B-AEB1-487F-BEAF-B1896804054E}.Debug|Any CPU.ActiveCfg = Debug|Any CPU
		{7FE6921B-AEB1-487F-BEAF-B1896804054E}.Debug|Any CPU.Build.0 = Debug|Any CPU
		{7FE6921B-AEB1-487F-BEAF-B1896804054E}.Release|Any CPU.ActiveCfg = Release|Any CPU
		{7FE6921B-AEB1-487F-BEAF-B1896804054E}.Release|Any CPU.Build.0 = Release|Any CPU
		{BAD612B4-E135-411C-9AF2-E81D316D7D40}.Debug|Any CPU.ActiveCfg = Debug|Any CPU
		{BAD612B4-E135-411C-9AF2-E81D316D7D40}.Debug|Any CPU.Build.0 = Debug|Any CPU
		{BAD612B4-E135-411C-9AF2-E81D316D7D40}.Release|Any CPU.ActiveCfg = Release|Any CPU
		{BAD612B4-E135-411C-9AF2-E81D316D7D40}.Release|Any CPU.Build.0 = Release|Any CPU
		{0FC1E3D1-2C2D-4DCE-9B8D-38E4EB19B068}.Debug|Any CPU.ActiveCfg = Debug|Any CPU
		{0FC1E3D1-2C2D-4DCE-9B8D-38E4EB19B068}.Debug|Any CPU.Build.0 = Debug|Any CPU
		{0FC1E3D1-2C2D-4DCE-9B8D-38E4EB19B068}.Release|Any CPU.ActiveCfg = Release|Any CPU
		{0FC1E3D1-2C2D-4DCE-9B8D-38E4EB19B068}.Release|Any CPU.Build.0 = Release|Any CPU
		{53E95B42-D842-4339-8CCE-7E6DC3D40BE0}.Debug|Any CPU.ActiveCfg = Debug|Any CPU
		{53E95B42-D842-4339-8CCE-7E6DC3D40BE0}.Debug|Any CPU.Build.0 = Debug|Any CPU
		{53E95B42-D842-4339-8CCE-7E6DC3D40BE0}.Release|Any CPU.ActiveCfg = Release|Any CPU
		{53E95B42-D842-4339-8CCE-7E6DC3D40BE0}.Release|Any CPU.Build.0 = Release|Any CPU
		{EF0D9051-D37B-455E-A2FF-A8EE551A99CD}.Debug|Any CPU.ActiveCfg = Debug|Any CPU
		{EF0D9051-D37B-455E-A2FF-A8EE551A99CD}.Debug|Any CPU.Build.0 = Debug|Any CPU
		{EF0D9051-D37B-455E-A2FF-A8EE551A99CD}.Release|Any CPU.ActiveCfg = Release|Any CPU
		{EF0D9051-D37B-455E-A2FF-A8EE551A99CD}.Release|Any CPU.Build.0 = Release|Any CPU
		{4D23D9AF-E478-4593-A2D2-426F0FD9EFD5}.Debug|Any CPU.ActiveCfg = Debug|Any CPU
		{4D23D9AF-E478-4593-A2D2-426F0FD9EFD5}.Debug|Any CPU.Build.0 = Debug|Any CPU
		{4D23D9AF-E478-4593-A2D2-426F0FD9EFD5}.Release|Any CPU.ActiveCfg = Release|Any CPU
		{4D23D9AF-E478-4593-A2D2-426F0FD9EFD5}.Release|Any CPU.Build.0 = Release|Any CPU
		{79145C24-9FCE-40B4-A42E-81F7FA8A3251}.Debug|Any CPU.ActiveCfg = Debug|Any CPU
		{79145C24-9FCE-40B4-A42E-81F7FA8A3251}.Debug|Any CPU.Build.0 = Debug|Any CPU
		{79145C24-9FCE-40B4-A42E-81F7FA8A3251}.Release|Any CPU.ActiveCfg = Release|Any CPU
		{79145C24-9FCE-40B4-A42E-81F7FA8A3251}.Release|Any CPU.Build.0 = Release|Any CPU
		{FD8E0F33-4919-4A79-BDBE-136C53A3F9A7}.Debug|Any CPU.ActiveCfg = Debug|Any CPU
		{FD8E0F33-4919-4A79-BDBE-136C53A3F9A7}.Debug|Any CPU.Build.0 = Debug|Any CPU
		{FD8E0F33-4919-4A79-BDBE-136C53A3F9A7}.Release|Any CPU.ActiveCfg = Release|Any CPU
		{FD8E0F33-4919-4A79-BDBE-136C53A3F9A7}.Release|Any CPU.Build.0 = Release|Any CPU
	EndGlobalSection
	GlobalSection(SolutionProperties) = preSolution
		HideSolutionNode = FALSE
	EndGlobalSection
	GlobalSection(NestedProjects) = preSolution
		{A2213374-BB48-48FD-BBD4-81E6A961D866} = {AFAA0841-BD93-466F-B8F4-FB4EEC86F1FC}
		{0FA75A5B-AB83-4FD0-B545-279774C01E87} = {AFAA0841-BD93-466F-B8F4-FB4EEC86F1FC}
		{3870C648-4AEA-4B85-BA3F-F2F63B96136A} = {AFAA0841-BD93-466F-B8F4-FB4EEC86F1FC}
		{DC780BC4-4EAC-4C63-9052-6F3169A59FA4} = {AFAA0841-BD93-466F-B8F4-FB4EEC86F1FC}
		{0D4C5D00-C144-4213-A007-4B8944113AB1} = {F10AA149-2626-486E-85BB-9CD5365F3016}
		{5D441612-29CA-4DAD-9945-B9DE11CE026C} = {F10AA149-2626-486E-85BB-9CD5365F3016}
		{54A90DFE-AC41-4E77-BEC0-63F8A2A2A114} = {8576A0FC-520C-4A34-9570-5607922F67AB}
		{BACF1675-CDAD-4629-A50C-7F4B05805403} = {8576A0FC-520C-4A34-9570-5607922F67AB}
		{168BEB83-A843-445C-9501-5AA8F90D6A38} = {8576A0FC-520C-4A34-9570-5607922F67AB}
		{E4743AF3-C89C-41ED-A14F-996AC44EC135} = {8576A0FC-520C-4A34-9570-5607922F67AB}
		{D3D2B50B-954D-4EA1-ABE5-D264CCC77FBC} = {8576A0FC-520C-4A34-9570-5607922F67AB}
		{43957DF5-E5E8-4777-89E6-7D0FD69C65C8} = {8576A0FC-520C-4A34-9570-5607922F67AB}
		{FCF2F735-927C-4826-A6BA-F183D8575BC3} = {8576A0FC-520C-4A34-9570-5607922F67AB}
		{BACABD18-F3E2-480D-9966-A6BFFB37FBC6} = {8576A0FC-520C-4A34-9570-5607922F67AB}
		{086791C1-7A35-474E-9AF3-C5DF99E8B583} = {8576A0FC-520C-4A34-9570-5607922F67AB}
		{6FFB618B-AB6B-43AF-917A-987A70E7CDE7} = {8576A0FC-520C-4A34-9570-5607922F67AB}
		{4581511D-9FFC-45A4-9AE5-3A3103464933} = {8576A0FC-520C-4A34-9570-5607922F67AB}
		{209247BA-F540-4FAB-A3B0-5F6A69CC37B1} = {8576A0FC-520C-4A34-9570-5607922F67AB}
		{65510EF5-C84B-47E3-AD3F-F6B2BD4D26F2} = {8576A0FC-520C-4A34-9570-5607922F67AB}
		{3F2D1057-9993-44DE-8DA1-625FD1881E86} = {8576A0FC-520C-4A34-9570-5607922F67AB}
		{2F1C104C-6B70-473E-A749-382F2FEF5CF6} = {8576A0FC-520C-4A34-9570-5607922F67AB}
		{407EB4CB-8E9A-452E-9D16-6151F7911ABD} = {8576A0FC-520C-4A34-9570-5607922F67AB}
		{25FB063E-7465-4A68-A260-615105A83EF5} = {8576A0FC-520C-4A34-9570-5607922F67AB}
		{0A53A609-3314-4B3E-B9B6-F4DFA89AC05E} = {8576A0FC-520C-4A34-9570-5607922F67AB}
		{8A1DFE44-7C3D-4F4C-BDB5-2A55C895EEFB} = {8576A0FC-520C-4A34-9570-5607922F67AB}
		{1494CA43-5C7C-47A9-9699-48741DC80711} = {8576A0FC-520C-4A34-9570-5607922F67AB}
		{F75DFB73-9F42-4305-ABA3-9C9496172026} = {8576A0FC-520C-4A34-9570-5607922F67AB}
		{0DCB441A-3E81-4A69-B77E-34CE9815C199} = {8576A0FC-520C-4A34-9570-5607922F67AB}
		{B5727133-6BEC-4B7B-AF12-44F584EEF913} = {8576A0FC-520C-4A34-9570-5607922F67AB}
		{1AED74C7-F6D4-4FCA-9D77-9A46A4F0EC0C} = {8576A0FC-520C-4A34-9570-5607922F67AB}
		{3AE9D733-6663-4818-9541-F907F8292AFD} = {8576A0FC-520C-4A34-9570-5607922F67AB}
		{3342599A-6BA3-40CA-8C4F-A665EFD3CB74} = {8576A0FC-520C-4A34-9570-5607922F67AB}
		{29DCEEEC-4280-417D-9B4E-112B4F0E5BBE} = {8576A0FC-520C-4A34-9570-5607922F67AB}
		{2A41646A-7888-441F-85DC-FE36E8369EEB} = {8576A0FC-520C-4A34-9570-5607922F67AB}
		{93E7CD77-9E4A-4163-BDB1-2D032F1ED81C} = {8576A0FC-520C-4A34-9570-5607922F67AB}
		{C0DD15EC-4A25-4F16-BD86-480BA3C9F0B2} = {8576A0FC-520C-4A34-9570-5607922F67AB}
		{62D94FFB-A3F7-417F-B36A-FA0F1C80B1EE} = {8576A0FC-520C-4A34-9570-5607922F67AB}
		{E8FF990B-6FE9-4E82-88F9-6CB87BADD2BF} = {8576A0FC-520C-4A34-9570-5607922F67AB}
		{E9AC7459-9784-4B97-BCE1-8C09752163EF} = {8576A0FC-520C-4A34-9570-5607922F67AB}
		{94292FC8-BCFF-45C1-B5EA-650BDCE8C384} = {8576A0FC-520C-4A34-9570-5607922F67AB}
		{7C48A8C3-FA50-4EA8-9B36-41A01FBB58AE} = {8576A0FC-520C-4A34-9570-5607922F67AB}
		{B480F321-8DBF-4CAE-BADA-F7710FF1DB49} = {8576A0FC-520C-4A34-9570-5607922F67AB}
		{7FE6921B-AEB1-487F-BEAF-B1896804054E} = {8576A0FC-520C-4A34-9570-5607922F67AB}
		{BAD612B4-E135-411C-9AF2-E81D316D7D40} = {8576A0FC-520C-4A34-9570-5607922F67AB}
		{0FC1E3D1-2C2D-4DCE-9B8D-38E4EB19B068} = {8576A0FC-520C-4A34-9570-5607922F67AB}
		{53E95B42-D842-4339-8CCE-7E6DC3D40BE0} = {8576A0FC-520C-4A34-9570-5607922F67AB}
		{EF0D9051-D37B-455E-A2FF-A8EE551A99CD} = {AFAA0841-BD93-466F-B8F4-FB4EEC86F1FC}
		{4D23D9AF-E478-4593-A2D2-426F0FD9EFD5} = {E12C693D-F232-4F6D-AEB0-846886ED4978}
		{79145C24-9FCE-40B4-A42E-81F7FA8A3251} = {E12C693D-F232-4F6D-AEB0-846886ED4978}
		{FD8E0F33-4919-4A79-BDBE-136C53A3F9A7} = {E12C693D-F232-4F6D-AEB0-846886ED4978}
	EndGlobalSection
	GlobalSection(ExtensibilityGlobals) = postSolution
		SolutionGuid = {B516B1E8-1CEC-4BCC-BA92-93CB32845E37}
	EndGlobalSection
EndGlobal
